// !$*UTF8*$!
{
	archiveVersion = 1;
	classes = {
	};
	objectVersion = 50;
	objects = {

/* Begin PBXBuildFile section */
		5A49272D20FDBEBF0058896A /* DataModel.xcdatamodeld in Sources */ = {isa = PBXBuildFile; fileRef = 5A49272B20FDBEBF0058896A /* DataModel.xcdatamodeld */; };
		5A49273120FDEB3E0058896A /* ViewController1TableViewController.swift in Sources */ = {isa = PBXBuildFile; fileRef = 5A49273020FDEB3E0058896A /* ViewController1TableViewController.swift */; };
		5AD6627F20FC5D41004B667A /* AppDelegate.swift in Sources */ = {isa = PBXBuildFile; fileRef = 5AD6627E20FC5D41004B667A /* AppDelegate.swift */; };
		5AD6628120FC5D41004B667A /* TodoViewController.swift in Sources */ = {isa = PBXBuildFile; fileRef = 5AD6628020FC5D41004B667A /* TodoViewController.swift */; };
		5AD6628420FC5D41004B667A /* Main.storyboard in Resources */ = {isa = PBXBuildFile; fileRef = 5AD6628220FC5D41004B667A /* Main.storyboard */; };
		5AD6628620FC5D42004B667A /* Assets.xcassets in Resources */ = {isa = PBXBuildFile; fileRef = 5AD6628520FC5D42004B667A /* Assets.xcassets */; };
		5AD6628920FC5D42004B667A /* LaunchScreen.storyboard in Resources */ = {isa = PBXBuildFile; fileRef = 5AD6628720FC5D42004B667A /* LaunchScreen.storyboard */; };
		5AD6629720FCB741004B667A /* Default-568h@2x.png in Resources */ = {isa = PBXBuildFile; fileRef = 5AD6629620FCB741004B667A /* Default-568h@2x.png */; };
		702515BF56BCC42C23C2C09A /* Pods_Todoey.framework in Frameworks */ = {isa = PBXBuildFile; fileRef = 20DADD0C9903B591608D0C1C /* Pods_Todoey.framework */; };
/* End PBXBuildFile section */

/* Begin PBXFileReference section */
		20DADD0C9903B591608D0C1C /* Pods_Todoey.framework */ = {isa = PBXFileReference; explicitFileType = wrapper.framework; includeInIndex = 0; path = Pods_Todoey.framework; sourceTree = BUILT_PRODUCTS_DIR; };
		54B9BB1338E1EA7E2112DF99 /* Pods-Todoey.release.xcconfig */ = {isa = PBXFileReference; includeInIndex = 1; lastKnownFileType = text.xcconfig; name = "Pods-Todoey.release.xcconfig"; path = "Pods/Target Support Files/Pods-Todoey/Pods-Todoey.release.xcconfig"; sourceTree = "<group>"; };
		5A49272C20FDBEBF0058896A /* DataModel.xcdatamodel */ = {isa = PBXFileReference; lastKnownFileType = wrapper.xcdatamodel; path = DataModel.xcdatamodel; sourceTree = "<group>"; };
		5A49273020FDEB3E0058896A /* ViewController1TableViewController.swift */ = {isa = PBXFileReference; lastKnownFileType = sourcecode.swift; path = ViewController1TableViewController.swift; sourceTree = "<group>"; };
		5A65A518A85E8DCBDEE4DB4A /* Pods-Todoey.debug.xcconfig */ = {isa = PBXFileReference; includeInIndex = 1; lastKnownFileType = text.xcconfig; name = "Pods-Todoey.debug.xcconfig"; path = "Pods/Target Support Files/Pods-Todoey/Pods-Todoey.debug.xcconfig"; sourceTree = "<group>"; };
		5AD6627B20FC5D41004B667A /* Todoey.app */ = {isa = PBXFileReference; explicitFileType = wrapper.application; includeInIndex = 0; path = Todoey.app; sourceTree = BUILT_PRODUCTS_DIR; };
		5AD6627E20FC5D41004B667A /* AppDelegate.swift */ = {isa = PBXFileReference; lastKnownFileType = sourcecode.swift; path = AppDelegate.swift; sourceTree = "<group>"; };
		5AD6628020FC5D41004B667A /* TodoViewController.swift */ = {isa = PBXFileReference; lastKnownFileType = sourcecode.swift; path = TodoViewController.swift; sourceTree = "<group>"; };
		5AD6628320FC5D41004B667A /* Base */ = {isa = PBXFileReference; lastKnownFileType = file.storyboard; name = Base; path = Base.lproj/Main.storyboard; sourceTree = "<group>"; };
		5AD6628520FC5D42004B667A /* Assets.xcassets */ = {isa = PBXFileReference; lastKnownFileType = folder.assetcatalog; path = Assets.xcassets; sourceTree = "<group>"; };
		5AD6628820FC5D42004B667A /* Base */ = {isa = PBXFileReference; lastKnownFileType = file.storyboard; name = Base; path = Base.lproj/LaunchScreen.storyboard; sourceTree = "<group>"; };
		5AD6628A20FC5D42004B667A /* Info.plist */ = {isa = PBXFileReference; lastKnownFileType = text.plist.xml; path = Info.plist; sourceTree = "<group>"; };
		5AD6629620FCB741004B667A /* Default-568h@2x.png */ = {isa = PBXFileReference; lastKnownFileType = image.png; path = "Default-568h@2x.png"; sourceTree = "<group>"; };
/* End PBXFileReference section */

/* Begin PBXFrameworksBuildPhase section */
		5AD6627820FC5D41004B667A /* Frameworks */ = {
			isa = PBXFrameworksBuildPhase;
			buildActionMask = 2147483647;
			files = (
				702515BF56BCC42C23C2C09A /* Pods_Todoey.framework in Frameworks */,
			);
			runOnlyForDeploymentPostprocessing = 0;
		};
/* End PBXFrameworksBuildPhase section */

/* Begin PBXGroup section */
		437CD78ECC2A84D511720620 /* Frameworks */ = {
			isa = PBXGroup;
			children = (
				20DADD0C9903B591608D0C1C /* Pods_Todoey.framework */,
			);
			name = Frameworks;
			sourceTree = "<group>";
		};
		5AD6627220FC5D41004B667A = {
			isa = PBXGroup;
			children = (
				5AD6629620FCB741004B667A /* Default-568h@2x.png */,
				5AD6627D20FC5D41004B667A /* Todoey */,
				5AD6627C20FC5D41004B667A /* Products */,
				9D3B2894885D619D79C50EEE /* Pods */,
				437CD78ECC2A84D511720620 /* Frameworks */,
			);
			sourceTree = "<group>";
		};
		5AD6627C20FC5D41004B667A /* Products */ = {
			isa = PBXGroup;
			children = (
				5AD6627B20FC5D41004B667A /* Todoey.app */,
			);
			name = Products;
			sourceTree = "<group>";
		};
		5AD6627D20FC5D41004B667A /* Todoey */ = {
			isa = PBXGroup;
			children = (
				5AD6627E20FC5D41004B667A /* AppDelegate.swift */,
				5AD6629320FCB3B9004B667A /* controller */,
				5AD6629420FCB3C8004B667A /* view */,
				5AD6629520FCB3DD004B667A /* supporting files */,
				5AD6629220FCB398004B667A /* Model */,
			);
			path = Todoey;
			sourceTree = "<group>";
		};
		5AD6629220FCB398004B667A /* Model */ = {
			isa = PBXGroup;
			children = (
				5A49272B20FDBEBF0058896A /* DataModel.xcdatamodeld */,
			);
			path = Model;
			sourceTree = "<group>";
		};
		5AD6629320FCB3B9004B667A /* controller */ = {
			isa = PBXGroup;
			children = (
				5A49273020FDEB3E0058896A /* ViewController1TableViewController.swift */,
				5AD6628020FC5D41004B667A /* TodoViewController.swift */,
			);
			path = controller;
			sourceTree = "<group>";
		};
		5AD6629420FCB3C8004B667A /* view */ = {
			isa = PBXGroup;
			children = (
				5AD6628720FC5D42004B667A /* LaunchScreen.storyboard */,
				5AD6628220FC5D41004B667A /* Main.storyboard */,
			);
			path = view;
			sourceTree = "<group>";
		};
		5AD6629520FCB3DD004B667A /* supporting files */ = {
			isa = PBXGroup;
			children = (
				5AD6628520FC5D42004B667A /* Assets.xcassets */,
				5AD6628A20FC5D42004B667A /* Info.plist */,
			);
			path = "supporting files";
			sourceTree = "<group>";
		};
		9D3B2894885D619D79C50EEE /* Pods */ = {
			isa = PBXGroup;
			children = (
				5A65A518A85E8DCBDEE4DB4A /* Pods-Todoey.debug.xcconfig */,
				54B9BB1338E1EA7E2112DF99 /* Pods-Todoey.release.xcconfig */,
			);
			name = Pods;
			sourceTree = "<group>";
		};
/* End PBXGroup section */

/* Begin PBXNativeTarget section */
		5AD6627A20FC5D41004B667A /* Todoey */ = {
			isa = PBXNativeTarget;
			buildConfigurationList = 5AD6628D20FC5D42004B667A /* Build configuration list for PBXNativeTarget "Todoey" */;
			buildPhases = (
				629B112E6A4822CDA017167A /* [CP] Check Pods Manifest.lock */,
				5AD6627720FC5D41004B667A /* Sources */,
				5AD6627820FC5D41004B667A /* Frameworks */,
				5AD6627920FC5D41004B667A /* Resources */,
				CA31633661EB41FF76CC2982 /* [CP] Embed Pods Frameworks */,
			);
			buildRules = (
			);
			dependencies = (
			);
			name = Todoey;
			productName = Todoey;
			productReference = 5AD6627B20FC5D41004B667A /* Todoey.app */;
			productType = "com.apple.product-type.application";
		};
/* End PBXNativeTarget section */

/* Begin PBXProject section */
		5AD6627320FC5D41004B667A /* Project object */ = {
			isa = PBXProject;
			attributes = {
				LastSwiftUpdateCheck = 0940;
				LastUpgradeCheck = 0940;
				ORGANIZATIONNAME = "Prasad Zamre";
				TargetAttributes = {
					5AD6627A20FC5D41004B667A = {
						CreatedOnToolsVersion = 9.4.1;
					};
				};
			};
			buildConfigurationList = 5AD6627620FC5D41004B667A /* Build configuration list for PBXProject "Todoey" */;
			compatibilityVersion = "Xcode 9.3";
			developmentRegion = en;
			hasScannedForEncodings = 0;
			knownRegions = (
				en,
				Base,
			);
			mainGroup = 5AD6627220FC5D41004B667A;
			productRefGroup = 5AD6627C20FC5D41004B667A /* Products */;
			projectDirPath = "";
			projectRoot = "";
			targets = (
				5AD6627A20FC5D41004B667A /* Todoey */,
			);
		};
/* End PBXProject section */

/* Begin PBXResourcesBuildPhase section */
		5AD6627920FC5D41004B667A /* Resources */ = {
			isa = PBXResourcesBuildPhase;
			buildActionMask = 2147483647;
			files = (
				5AD6628920FC5D42004B667A /* LaunchScreen.storyboard in Resources */,
				5AD6629720FCB741004B667A /* Default-568h@2x.png in Resources */,
				5AD6628620FC5D42004B667A /* Assets.xcassets in Resources */,
				5AD6628420FC5D41004B667A /* Main.storyboard in Resources */,
			);
			runOnlyForDeploymentPostprocessing = 0;
		};
/* End PBXResourcesBuildPhase section */

/* Begin PBXShellScriptBuildPhase section */
		629B112E6A4822CDA017167A /* [CP] Check Pods Manifest.lock */ = {
			isa = PBXShellScriptBuildPhase;
			buildActionMask = 2147483647;
			files = (
			);
			inputPaths = (
				"${PODS_PODFILE_DIR_PATH}/Podfile.lock",
				"${PODS_ROOT}/Manifest.lock",
			);
			name = "[CP] Check Pods Manifest.lock";
			outputPaths = (
				"$(DERIVED_FILE_DIR)/Pods-Todoey-checkManifestLockResult.txt",
			);
			runOnlyForDeploymentPostprocessing = 0;
			shellPath = /bin/sh;
			shellScript = "diff \"${PODS_PODFILE_DIR_PATH}/Podfile.lock\" \"${PODS_ROOT}/Manifest.lock\" > /dev/null\nif [ $? != 0 ] ; then\n    # print error to STDERR\n    echo \"error: The sandbox is not in sync with the Podfile.lock. Run 'pod install' or update your CocoaPods installation.\" >&2\n    exit 1\nfi\n# This output is used by Xcode 'outputs' to avoid re-running this script phase.\necho \"SUCCESS\" > \"${SCRIPT_OUTPUT_FILE_0}\"\n";
			showEnvVarsInLog = 0;
		};
		CA31633661EB41FF76CC2982 /* [CP] Embed Pods Frameworks */ = {
			isa = PBXShellScriptBuildPhase;
			buildActionMask = 2147483647;
			files = (
			);
			inputPaths = (
				"${SRCROOT}/Pods/Target Support Files/Pods-Todoey/Pods-Todoey-frameworks.sh",
				"${BUILT_PRODUCTS_DIR}/Realm/Realm.framework",
				"${BUILT_PRODUCTS_DIR}/RealmSwift/RealmSwift.framework",
			);
			name = "[CP] Embed Pods Frameworks";
			outputPaths = (
				"${TARGET_BUILD_DIR}/${FRAMEWORKS_FOLDER_PATH}/Realm.framework",
				"${TARGET_BUILD_DIR}/${FRAMEWORKS_FOLDER_PATH}/RealmSwift.framework",
			);
			runOnlyForDeploymentPostprocessing = 0;
			shellPath = /bin/sh;
			shellScript = "\"${SRCROOT}/Pods/Target Support Files/Pods-Todoey/Pods-Todoey-frameworks.sh\"\n";
			showEnvVarsInLog = 0;
		};
/* End PBXShellScriptBuildPhase section */

/* Begin PBXSourcesBuildPhase section */
		5AD6627720FC5D41004B667A /* Sources */ = {
			isa = PBXSourcesBuildPhase;
			buildActionMask = 2147483647;
			files = (
				5AD6628120FC5D41004B667A /* TodoViewController.swift in Sources */,
				5A49272D20FDBEBF0058896A /* DataModel.xcdatamodeld in Sources */,
				5A49273120FDEB3E0058896A /* ViewController1TableViewController.swift in Sources */,
				5AD6627F20FC5D41004B667A /* AppDelegate.swift in Sources */,
			);
			runOnlyForDeploymentPostprocessing = 0;
		};
/* End PBXSourcesBuildPhase section */

/* Begin PBXVariantGroup section */
		5AD6628220FC5D41004B667A /* Main.storyboard */ = {
			isa = PBXVariantGroup;
			children = (
				5AD6628320FC5D41004B667A /* Base */,
			);
			name = Main.storyboard;
			sourceTree = "<group>";
		};
		5AD6628720FC5D42004B667A /* LaunchScreen.storyboard */ = {
			isa = PBXVariantGroup;
			children = (
				5AD6628820FC5D42004B667A /* Base */,
			);
			name = LaunchScreen.storyboard;
			sourceTree = "<group>";
		};
/* End PBXVariantGroup section */

/* Begin XCBuildConfiguration section */
		5AD6628B20FC5D42004B667A /* Debug */ = {
			isa = XCBuildConfiguration;
			buildSettings = {
				ALWAYS_SEARCH_USER_PATHS = NO;
				CLANG_ANALYZER_NONNULL = YES;
				CLANG_ANALYZER_NUMBER_OBJECT_CONVERSION = YES_AGGRESSIVE;
				CLANG_CXX_LANGUAGE_STANDARD = "gnu++14";
				CLANG_CXX_LIBRARY = "libc++";
				CLANG_ENABLE_MODULES = YES;
				CLANG_ENABLE_OBJC_ARC = YES;
				CLANG_ENABLE_OBJC_WEAK = YES;
				CLANG_WARN_BLOCK_CAPTURE_AUTORELEASING = YES;
				CLANG_WARN_BOOL_CONVERSION = YES;
				CLANG_WARN_COMMA = YES;
				CLANG_WARN_CONSTANT_CONVERSION = YES;
				CLANG_WARN_DEPRECATED_OBJC_IMPLEMENTATIONS = YES;
				CLANG_WARN_DIRECT_OBJC_ISA_USAGE = YES_ERROR;
				CLANG_WARN_DOCUMENTATION_COMMENTS = YES;
				CLANG_WARN_EMPTY_BODY = YES;
				CLANG_WARN_ENUM_CONVERSION = YES;
				CLANG_WARN_INFINITE_RECURSION = YES;
				CLANG_WARN_INT_CONVERSION = YES;
				CLANG_WARN_NON_LITERAL_NULL_CONVERSION = YES;
				CLANG_WARN_OBJC_IMPLICIT_RETAIN_SELF = YES;
				CLANG_WARN_OBJC_LITERAL_CONVERSION = YES;
				CLANG_WARN_OBJC_ROOT_CLASS = YES_ERROR;
				CLANG_WARN_RANGE_LOOP_ANALYSIS = YES;
				CLANG_WARN_STRICT_PROTOTYPES = YES;
				CLANG_WARN_SUSPICIOUS_MOVE = YES;
				CLANG_WARN_UNGUARDED_AVAILABILITY = YES_AGGRESSIVE;
				CLANG_WARN_UNREACHABLE_CODE = YES;
				CLANG_WARN__DUPLICATE_METHOD_MATCH = YES;
				CODE_SIGN_IDENTITY = "iPhone Developer";
				COPY_PHASE_STRIP = NO;
				DEBUG_INFORMATION_FORMAT = dwarf;
				ENABLE_STRICT_OBJC_MSGSEND = YES;
				ENABLE_TESTABILITY = YES;
				GCC_C_LANGUAGE_STANDARD = gnu11;
				GCC_DYNAMIC_NO_PIC = NO;
				GCC_NO_COMMON_BLOCKS = YES;
				GCC_OPTIMIZATION_LEVEL = 0;
				GCC_PREPROCESSOR_DEFINITIONS = (
					"DEBUG=1",
					"$(inherited)",
				);
				GCC_WARN_64_TO_32_BIT_CONVERSION = YES;
				GCC_WARN_ABOUT_RETURN_TYPE = YES_ERROR;
				GCC_WARN_UNDECLARED_SELECTOR = YES;
				GCC_WARN_UNINITIALIZED_AUTOS = YES_AGGRESSIVE;
				GCC_WARN_UNUSED_FUNCTION = YES;
				GCC_WARN_UNUSED_VARIABLE = YES;
				IPHONEOS_DEPLOYMENT_TARGET = 11.4;
				MTL_ENABLE_DEBUG_INFO = YES;
				ONLY_ACTIVE_ARCH = YES;
				SDKROOT = iphoneos;
				SWIFT_ACTIVE_COMPILATION_CONDITIONS = DEBUG;
				SWIFT_OPTIMIZATION_LEVEL = "-Onone";
			};
			name = Debug;
		};
		5AD6628C20FC5D42004B667A /* Release */ = {
			isa = XCBuildConfiguration;
			buildSettings = {
				ALWAYS_SEARCH_USER_PATHS = NO;
				CLANG_ANALYZER_NONNULL = YES;
				CLANG_ANALYZER_NUMBER_OBJECT_CONVERSION = YES_AGGRESSIVE;
				CLANG_CXX_LANGUAGE_STANDARD = "gnu++14";
				CLANG_CXX_LIBRARY = "libc++";
				CLANG_ENABLE_MODULES = YES;
				CLANG_ENABLE_OBJC_ARC = YES;
				CLANG_ENABLE_OBJC_WEAK = YES;
				CLANG_WARN_BLOCK_CAPTURE_AUTORELEASING = YES;
				CLANG_WARN_BOOL_CONVERSION = YES;
				CLANG_WARN_COMMA = YES;
				CLANG_WARN_CONSTANT_CONVERSION = YES;
				CLANG_WARN_DEPRECATED_OBJC_IMPLEMENTATIONS = YES;
				CLANG_WARN_DIRECT_OBJC_ISA_USAGE = YES_ERROR;
				CLANG_WARN_DOCUMENTATION_COMMENTS = YES;
				CLANG_WARN_EMPTY_BODY = YES;
				CLANG_WARN_ENUM_CONVERSION = YES;
				CLANG_WARN_INFINITE_RECURSION = YES;
				CLANG_WARN_INT_CONVERSION = YES;
				CLANG_WARN_NON_LITERAL_NULL_CONVERSION = YES;
				CLANG_WARN_OBJC_IMPLICIT_RETAIN_SELF = YES;
				CLANG_WARN_OBJC_LITERAL_CONVERSION = YES;
				CLANG_WARN_OBJC_ROOT_CLASS = YES_ERROR;
				CLANG_WARN_RANGE_LOOP_ANALYSIS = YES;
				CLANG_WARN_STRICT_PROTOTYPES = YES;
				CLANG_WARN_SUSPICIOUS_MOVE = YES;
				CLANG_WARN_UNGUARDED_AVAILABILITY = YES_AGGRESSIVE;
				CLANG_WARN_UNREACHABLE_CODE = YES;
				CLANG_WARN__DUPLICATE_METHOD_MATCH = YES;
				CODE_SIGN_IDENTITY = "iPhone Developer";
				COPY_PHASE_STRIP = NO;
				DEBUG_INFORMATION_FORMAT = "dwarf-with-dsym";
				ENABLE_NS_ASSERTIONS = NO;
				ENABLE_STRICT_OBJC_MSGSEND = YES;
				GCC_C_LANGUAGE_STANDARD = gnu11;
				GCC_NO_COMMON_BLOCKS = YES;
				GCC_WARN_64_TO_32_BIT_CONVERSION = YES;
				GCC_WARN_ABOUT_RETURN_TYPE = YES_ERROR;
				GCC_WARN_UNDECLARED_SELECTOR = YES;
				GCC_WARN_UNINITIALIZED_AUTOS = YES_AGGRESSIVE;
				GCC_WARN_UNUSED_FUNCTION = YES;
				GCC_WARN_UNUSED_VARIABLE = YES;
				IPHONEOS_DEPLOYMENT_TARGET = 11.4;
				MTL_ENABLE_DEBUG_INFO = NO;
				SDKROOT = iphoneos;
				SWIFT_COMPILATION_MODE = wholemodule;
				SWIFT_OPTIMIZATION_LEVEL = "-O";
				VALIDATE_PRODUCT = YES;
			};
			name = Release;
		};
		5AD6628E20FC5D42004B667A /* Debug */ = {
			isa = XCBuildConfiguration;
			baseConfigurationReference = 5A65A518A85E8DCBDEE4DB4A /* Pods-Todoey.debug.xcconfig */;
			buildSettings = {
				ASSETCATALOG_COMPILER_APPICON_NAME = AppIcon;
				CODE_SIGN_STYLE = Automatic;
				DEVELOPMENT_TEAM = 9YD5JBS37K;
				INFOPLIST_FILE = "$(SRCROOT)/Todoey/supporting files/Info.plist";
				LD_RUNPATH_SEARCH_PATHS = (
					"$(inherited)",
					"@executable_path/Frameworks",
				);
				PRODUCT_BUNDLE_IDENTIFIER = com.prasad.Todoey;
				PRODUCT_NAME = "$(TARGET_NAME)";
				SWIFT_VERSION = 4.0;
				TARGETED_DEVICE_FAMILY = "1,2";
			};
			name = Debug;
		};
		5AD6628F20FC5D42004B667A /* Release */ = {
			isa = XCBuildConfiguration;
			baseConfigurationReference = 54B9BB1338E1EA7E2112DF99 /* Pods-Todoey.release.xcconfig */;
			buildSettings = {
				ASSETCATALOG_COMPILER_APPICON_NAME = AppIcon;
				CODE_SIGN_STYLE = Automatic;
				DEVELOPMENT_TEAM = 9YD5JBS37K;
				INFOPLIST_FILE = "$(SRCROOT)/Todoey/supporting files/Info.plist";
				LD_RUNPATH_SEARCH_PATHS = (
					"$(inherited)",
					"@executable_path/Frameworks",
				);
				PRODUCT_BUNDLE_IDENTIFIER = com.prasad.Todoey;
				PRODUCT_NAME = "$(TARGET_NAME)";
				SWIFT_VERSION = 4.0;
				TARGETED_DEVICE_FAMILY = "1,2";
			};
			name = Release;
		};
/* End XCBuildConfiguration section */

/* Begin XCConfigurationList section */
		5AD6627620FC5D41004B667A /* Build configuration list for PBXProject "Todoey" */ = {
			isa = XCConfigurationList;
			buildConfigurations = (
				5AD6628B20FC5D42004B667A /* Debug */,
				5AD6628C20FC5D42004B667A /* Release */,
			);
			defaultConfigurationIsVisible = 0;
			defaultConfigurationName = Release;
		};
		5AD6628D20FC5D42004B667A /* Build configuration list for PBXNativeTarget "Todoey" */ = {
			isa = XCConfigurationList;
			buildConfigurations = (
				5AD6628E20FC5D42004B667A /* Debug */,
				5AD6628F20FC5D42004B667A /* Release */,
			);
			defaultConfigurationIsVisible = 0;
			defaultConfigurationName = Release;
		};
/* End XCConfigurationList section */

/* Begin XCVersionGroup section */
		5A49272B20FDBEBF0058896A /* DataModel.xcdatamodeld */ = {
			isa = XCVersionGroup;
			children = (
				5A49272C20FDBEBF0058896A /* DataModel.xcdatamodel */,
			);
			currentVersion = 5A49272C20FDBEBF0058896A /* DataModel.xcdatamodel */;
			path = DataModel.xcdatamodeld;
			sourceTree = "<group>";
			versionGroupType = wrapper.xcdatamodel;
		};
/* End XCVersionGroup section */
	};
	rootObject = 5AD6627320FC5D41004B667A /* Project object */;
}
